{
  "version": 4,
  "terraform_version": "1.3.6",
  "serial": 7,
  "lineage": "f43ecf6c-d8fa-6306-5a13-6ffb4b5a2366",
  "outputs": {},
  "resources": [
    {
      "mode": "managed",
      "type": "local_file",
      "name": "test",
      "provider": "provider[\"registry.terraform.io/hashicorp/local\"]",
      "instances": [
        {
          "schema_version": 0,
          "attributes": {
            "content": "This is test",
            "content_base64": null,
            "directory_permission": "0777",
            "file_permission": "0777",
            "filename": "/home/abhi/Programming/Terraform/test.txt",
            "id": "21650e52cb7a82638b93971684f6dcfceb14c9ab",
            "sensitive_content": null,
            "source": null
          },
          "sensitive_attributes": [],
          "private": "bnVsbA=="
        }
      ]
    }
  ],
  "check_results": null
}
